
Microsoft Visual Studio Solution File, Format Version 12.00
# Visual Studio Version 16
VisualStudioVersion = 16.0.29503.13
MinimumVisualStudioVersion = 10.0.40219.1
Project("{FAE04EC0-301F-11D3-BF4B-00C04F79EFBC}") = "LearnVocabulary", "LearnVocabulary\LearnVocabulary.csproj", "{8B1E59B3-FFDC-4AAD-8D22-B9FDD5C5AFF9}"
EndProject
Global
	GlobalSection(SolutionConfigurationPlatforms) = preSolution
		Debug|Any CPU = Debug|Any CPU
		Release|Any CPU = Release|Any CPU
	EndGlobalSection
	GlobalSection(ProjectConfigurationPlatforms) = postSolution
		{8B1E59B3-FFDC-4AAD-8D22-B9FDD5C5AFF9}.Debug|Any CPU.ActiveCfg = Debug|Any CPU
		{8B1E59B3-FFDC-4AAD-8D22-B9FDD5C5AFF9}.Debug|Any CPU.Build.0 = Debug|Any CPU
		{8B1E59B3-FFDC-4AAD-8D22-B9FDD5C5AFF9}.Release|Any CPU.ActiveCfg = Release|Any CPU
		{8B1E59B3-FFDC-4AAD-8D22-B9FDD5C5AFF9}.Release|Any CPU.Build.0 = Release|Any CPU
	EndGlobalSection
	GlobalSection(SolutionProperties) = preSolution
		HideSolutionNode = FALSE
	EndGlobalSection
	GlobalSection(ExtensibilityGlobals) = postSolution
		SolutionGuid = {6D80CC26-41DE-41B5-9B01-9D7CB7CD478D}
	EndGlobalSection
EndGlobal
